
Microsoft Visual Studio Solution File, Format Version 12.00
# Visual Studio Version 17
VisualStudioVersion = 17.13.35825.156 d17.13
MinimumVisualStudioVersion = 10.0.40219.1
Project("{FAE04EC0-301F-11D3-BF4B-00C04F79EFBC}") = "PersonelSupervisor", "PersonelSupervisor\PersonelSupervisor.csproj", "{FB4516DD-D56C-4144-8645-91CA8EC6D58D}"
EndProject
Global
	GlobalSection(SolutionConfigurationPlatforms) = preSolution
		Debug|Any CPU = Debug|Any CPU
		Release|Any CPU = Release|Any CPU
	EndGlobalSection
	GlobalSection(ProjectConfigurationPlatforms) = postSolution
		{FB4516DD-D56C-4144-8645-91CA8EC6D58D}.Debug|Any CPU.ActiveCfg = Debug|Any CPU
		{FB4516DD-D56C-4144-8645-91CA8EC6D58D}.Debug|Any CPU.Build.0 = Debug|Any CPU
		{FB4516DD-D56C-4144-8645-91CA8EC6D58D}.Release|Any CPU.ActiveCfg = Release|Any CPU
		{FB4516DD-D56C-4144-8645-91CA8EC6D58D}.Release|Any CPU.Build.0 = Release|Any CPU
	EndGlobalSection
	GlobalSection(SolutionProperties) = preSolution
		HideSolutionNode = FALSE
	EndGlobalSection
	GlobalSection(ExtensibilityGlobals) = postSolution
		SolutionGuid = {B857655A-D02E-4EC5-B341-9862295828F1}
	EndGlobalSection
EndGlobal
